// !$*UTF8*$!
{
	archiveVersion = 1;
	classes = {
	};
	objectVersion = 77;
	objects = {

/* Begin PBXBuildFile section */
		6997FD6D2FC7F1B100C889A7 /* TactlKeyboard.appex in Embed Foundation Extensions */ = {isa = PBXBuildFile; fileRef = 6997FD662FC7F1B100C889A7 /* TactlKeyboard.appex */; settings = {ATTRIBUTES = (RemoveHeadersOnCopy, ); }; };
/* End PBXBuildFile section */

/* Begin PBXContainerItemProxy section */
		6997FD462FC7E7F400C889A7 /* PBXContainerItemProxy */ = {
			isa = PBXContainerItemProxy;
			containerPortal = 6997FD302FC7E7ED00C889A7 /* Project object */;
			proxyType = 1;
			remoteGlobalIDString = 6997FD372FC7E7ED00C889A7;
			remoteInfo = Tactl;
		};
		6997FD502FC7E7F400C889A7 /* PBXContainerItemProxy */ = {
			isa = PBXContainerItemProxy;
			containerPortal = 6997FD302FC7E7ED00C889A7 /* Project object */;
			proxyType = 1;
			remoteGlobalIDString = 6997FD372FC7E7ED00C889A7;
			remoteInfo = Tactl;
		};
		6997FD6B2FC7F1B100C889A7 /* PBXContainerItemProxy */ = {
			isa = PBXContainerItemProxy;
			containerPortal = 6997FD302FC7E7ED00C889A7 /* Project object */;
			proxyType = 1;
			remoteGlobalIDString = 6997FD652FC7F1B100C889A7;
			remoteInfo = TactlKeyboard;
		};
/* End PBXContainerItemProxy section */

/* Begin PBXCopyFilesBuildPhase section */
		6997FD722FC7F1B100C889A7 /* Embed Foundation Extensions */ = {
			isa = PBXCopyFilesBuildPhase;
			buildActionMask = 2147483647;
			dstPath = "";
			dstSubfolderSpec = 13;
			files = (
				6997FD6D2FC7F1B100C889A7 /* TactlKeyboard.appex in Embed Foundation Extensions */,
			);
			name = "Embed Foundation Extensions";
			runOnlyForDeploymentPostprocessing = 0;
		};
/* End PBXCopyFilesBuildPhase section */

/* Begin PBXFileReference section */
		6997FD382FC7E7ED00C889A7 /* Tactl.app */ = {isa = PBXFileReference; explicitFileType = wrapper.application; includeInIndex = 0; path = Tactl.app; sourceTree = BUILT_PRODUCTS_DIR; };
		6997FD452FC7E7F400C889A7 /* TactlTests.xctest */ = {isa = PBXFileReference; explicitFileType = wrapper.cfbundle; includeInIndex = 0; path = TactlTests.xctest; sourceTree = BUILT_PRODUCTS_DIR; };
		6997FD4F2FC7E7F400C889A7 /* TactlUITests.xctest */ = {isa = PBXFileReference; explicitFileType = wrapper.cfbundle; includeInIndex = 0; path = TactlUITests.xctest; sourceTree = BUILT_PRODUCTS_DIR; };
		6997FD662FC7F1B100C889A7 /* TactlKeyboard.appex */ = {isa = PBXFileReference; explicitFileType = "wrapper.app-extension"; includeInIndex = 0; path = TactlKeyboard.appex; sourceTree = BUILT_PRODUCTS_DIR; };
/* End PBXFileReference section */

/* Begin PBXFileSystemSynchronizedBuildFileExceptionSet section */
		6997FD6E2FC7F1B100C889A7 /* Exceptions for "TactlKeyboard" folder in "TactlKeyboard" target */ = {
			isa = PBXFileSystemSynchronizedBuildFileExceptionSet;
			membershipExceptions = (
				Info.plist,
			);
			target = 6997FD652FC7F1B100C889A7 /* TactlKeyboard */;
		};
/* End PBXFileSystemSynchronizedBuildFileExceptionSet section */

/* Begin PBXFileSystemSynchronizedRootGroup section */
		6997FD3A2FC7E7ED00C889A7 /* Tactl */ = {
			isa = PBXFileSystemSynchronizedRootGroup;
			path = Tactl;
			sourceTree = "<group>";
		};
		6997FD482FC7E7F400C889A7 /* TactlTests */ = {
			isa = PBXFileSystemSynchronizedRootGroup;
			path = TactlTests;
			sourceTree = "<group>";
		};
		6997FD522FC7E7F400C889A7 /* TactlUITests */ = {
			isa = PBXFileSystemSynchronizedRootGroup;
			path = TactlUITests;
			sourceTree = "<group>";
		};
		6997FD672FC7F1B100C889A7 /* TactlKeyboard */ = {
			isa = PBXFileSystemSynchronizedRootGroup;
			exceptions = (
				6997FD6E2FC7F1B100C889A7 /* Exceptions for "TactlKeyboard" folder in "TactlKeyboard" target */,
			);
			path = TactlKeyboard;
			sourceTree = "<group>";
		};
		AABB00012FC7F1B100C889A7 /* TactlShared */ = {
			isa = PBXFileSystemSynchronizedRootGroup;
			path = TactlShared;
			sourceTree = "<group>";
		};
/* End PBXFileSystemSynchronizedRootGroup section */

/* Begin PBXFrameworksBuildPhase section */
		6997FD352FC7E7ED00C889A7 /* Frameworks */ = {
			isa = PBXFrameworksBuildPhase;
			buildActionMask = 2147483647;
			files = (
			);
			runOnlyForDeploymentPostprocessing = 0;
		};
		6997FD422FC7E7F400C889A7 /* Frameworks */ = {
			isa = PBXFrameworksBuildPhase;
			buildActionMask = 2147483647;
			files = (
			);
			runOnlyForDeploymentPostprocessing = 0;
		};
		6997FD4C2FC7E7F400C889A7 /* Frameworks */ = {
			isa = PBXFrameworksBuildPhase;
			buildActionMask = 2147483647;
			files = (
			);
			runOnlyForDeploymentPostprocessing = 0;
		};
		6997FD632FC7F1B100C889A7 /* Frameworks */ = {
			isa = PBXFrameworksBuildPhase;
			buildActionMask = 2147483647;
			files = (
			);
			runOnlyForDeploymentPostprocessing = 0;
		};
/* End PBXFrameworksBuildPhase section */

/* Begin PBXGroup section */
		6997FD2F2FC7E7ED00C889A7 = {
			isa = PBXGroup;
			children = (
				6997FD3A2FC7E7ED00C889A7 /* Tactl */,
				6997FD482FC7E7F400C889A7 /* TactlTests */,
				6997FD522FC7E7F400C889A7 /* TactlUITests */,
				6997FD672FC7F1B100C889A7 /* TactlKeyboard */,
				AABB00012FC7F1B100C889A7 /* TactlShared */,
				6997FD392FC7E7ED00C889A7 /* Products */,
			);
			sourceTree = "<group>";
		};
		6997FD392FC7E7ED00C889A7 /* Products */ = {
			isa = PBXGroup;
			children = (
				6997FD382FC7E7ED00C889A7 /* Tactl.app */,
				6997FD452FC7E7F400C889A7 /* TactlTests.xctest */,
				6997FD4F2FC7E7F400C889A7 /* TactlUITests.xctest */,
				6997FD662FC7F1B100C889A7 /* TactlKeyboard.appex */,
			);
			name = Products;
			sourceTree = "<group>";
		};
/* End PBXGroup section */

/* Begin PBXNativeTarget section */
		6997FD372FC7E7ED00C889A7 /* Tactl */ = {
			isa = PBXNativeTarget;
			buildConfigurationList = 6997FD592FC7E7F400C889A7 /* Build configuration list for PBXNativeTarget "Tactl" */;
			buildPhases = (
				6997FD342FC7E7ED00C889A7 /* Sources */,
				6997FD352FC7E7ED00C889A7 /* Frameworks */,
				6997FD362FC7E7ED00C889A7 /* Resources */,
				6997FD722FC7F1B100C889A7 /* Embed Foundation Extensions */,
			);
			buildRules = (
			);
			dependencies = (
				6997FD6C2FC7F1B100C889A7 /* PBXTargetDependency */,
			);
			fileSystemSynchronizedGroups = (
				6997FD3A2FC7E7ED00C889A7 /* Tactl */,
				AABB00012FC7F1B100C889A7 /* TactlShared */,
			);
			name = Tactl;
			packageProductDependencies = (
			);
			productName = Tactl;
			productReference = 6997FD382FC7E7ED00C889A7 /* Tactl.app */;
			productType = "com.apple.product-type.application";
		};
		6997FD442FC7E7F400C889A7 /* TactlTests */ = {
			isa = PBXNativeTarget;
			buildConfigurationList = 6997FD5C2FC7E7F400C889A7 /* Build configuration list for PBXNativeTarget "TactlTests" */;
			buildPhases = (
				6997FD412FC7E7F400C889A7 /* Sources */,
				6997FD422FC7E7F400C889A7 /* Frameworks */,
				6997FD432FC7E7F400C889A7 /* Resources */,
			);
			buildRules = (
			);
			dependencies = (
				6997FD472FC7E7F400C889A7 /* PBXTargetDependency */,
			);
			fileSystemSynchronizedGroups = (
				6997FD482FC7E7F400C889A7 /* TactlTests */,
			);
			name = TactlTests;
			packageProductDependencies = (
			);
			productName = TactlTests;
			productReference = 6997FD452FC7E7F400C889A7 /* TactlTests.xctest */;
			productType = "com.apple.product-type.bundle.unit-test";
		};
		6997FD4E2FC7E7F400C889A7 /* TactlUITests */ = {
			isa = PBXNativeTarget;
			buildConfigurationList = 6997FD5F2FC7E7F400C889A7 /* Build configuration list for PBXNativeTarget "TactlUITests" */;
			buildPhases = (
				6997FD4B2FC7E7F400C889A7 /* Sources */,
				6997FD4C2FC7E7F400C889A7 /* Frameworks */,
				6997FD4D2FC7E7F400C889A7 /* Resources */,
			);
			buildRules = (
			);
			dependencies = (
				6997FD512FC7E7F400C889A7 /* PBXTargetDependency */,
			);
			fileSystemSynchronizedGroups = (
				6997FD522FC7E7F400C889A7 /* TactlUITests */,
			);
			name = TactlUITests;
			packageProductDependencies = (
			);
			productName = TactlUITests;
			productReference = 6997FD4F2FC7E7F400C889A7 /* TactlUITests.xctest */;
			productType = "com.apple.product-type.bundle.ui-testing";
		};
		6997FD652FC7F1B100C889A7 /* TactlKeyboard */ = {
			isa = PBXNativeTarget;
			buildConfigurationList = 6997FD6F2FC7F1B100C889A7 /* Build configuration list for PBXNativeTarget "TactlKeyboard" */;
			buildPhases = (
				6997FD622FC7F1B100C889A7 /* Sources */,
				6997FD632FC7F1B100C889A7 /* Frameworks */,
				6997FD642FC7F1B100C889A7 /* Resources */,
			);
			buildRules = (
			);
			dependencies = (
			);
			fileSystemSynchronizedGroups = (
				6997FD672FC7F1B100C889A7 /* TactlKeyboard */,
				AABB00012FC7F1B100C889A7 /* TactlShared */,
			);
			name = TactlKeyboard;
			packageProductDependencies = (
			);
			productName = TactlKeyboard;
			productReference = 6997FD662FC7F1B100C889A7 /* TactlKeyboard.appex */;
			productType = "com.apple.product-type.app-extension";
		};
/* End PBXNativeTarget section */

/* Begin PBXProject section */
		6997FD302FC7E7ED00C889A7 /* Project object */ = {
			isa = PBXProject;
			attributes = {
				BuildIndependentTargetsInParallel = 1;
				LastSwiftUpdateCheck = 2630;
				LastUpgradeCheck = 2630;
				TargetAttributes = {
					6997FD372FC7E7ED00C889A7 = {
						CreatedOnToolsVersion = 26.3;
					};
					6997FD442FC7E7F400C889A7 = {
						CreatedOnToolsVersion = 26.3;
						TestTargetID = 6997FD372FC7E7ED00C889A7;
					};
					6997FD4E2FC7E7F400C889A7 = {
						CreatedOnToolsVersion = 26.3;
						TestTargetID = 6997FD372FC7E7ED00C889A7;
					};
					6997FD652FC7F1B100C889A7 = {
						CreatedOnToolsVersion = 26.3;
					};
				};
			};
			buildConfigurationList = 6997FD332FC7E7ED00C889A7 /* Build configuration list for PBXProject "Tactl" */;
			developmentRegion = en;
			hasScannedForEncodings = 0;
			knownRegions = (
				en,
				Base,
			);
			mainGroup = 6997FD2F2FC7E7ED00C889A7;
			minimizedProjectReferenceProxies = 1;
			preferredProjectObjectVersion = 77;
			productRefGroup = 6997FD392FC7E7ED00C889A7 /* Products */;
			projectDirPath = "";
			projectRoot = "";
			targets = (
				6997FD372FC7E7ED00C889A7 /* Tactl */,
				6997FD442FC7E7F400C889A7 /* TactlTests */,
				6997FD4E2FC7E7F400C889A7 /* TactlUITests */,
				6997FD652FC7F1B100C889A7 /* TactlKeyboard */,
			);
		};
/* End PBXProject section */

/* Begin PBXResourcesBuildPhase section */
		6997FD362FC7E7ED00C889A7 /* Resources */ = {
			isa = PBXResourcesBuildPhase;
			buildActionMask = 2147483647;
			files = (
			);
			runOnlyForDeploymentPostprocessing = 0;
		};
		6997FD432FC7E7F400C889A7 /* Resources */ = {
			isa = PBXResourcesBuildPhase;
			buildActionMask = 2147483647;
			files = (
			);
			runOnlyForDeploymentPostprocessing = 0;
		};
		6997FD4D2FC7E7F400C889A7 /* Resources */ = {
			isa = PBXResourcesBuildPhase;
			buildActionMask = 2147483647;
			files = (
			);
			runOnlyForDeploymentPostprocessing = 0;
		};
		6997FD642FC7F1B100C889A7 /* Resources */ = {
			isa = PBXResourcesBuildPhase;
			buildActionMask = 2147483647;
			files = (
			);
			runOnlyForDeploymentPostprocessing = 0;
		};
/* End PBXResourcesBuildPhase section */

/* Begin PBXSourcesBuildPhase section */
		6997FD342FC7E7ED00C889A7 /* Sources */ = {
			isa = PBXSourcesBuildPhase;
			buildActionMask = 2147483647;
			files = (
			);
			runOnlyForDeploymentPostprocessing = 0;
		};
		6997FD412FC7E7F400C889A7 /* Sources */ = {
			isa = PBXSourcesBuildPhase;
			buildActionMask = 2147483647;
			files = (
			);
			runOnlyForDeploymentPostprocessing = 0;
		};
		6997FD4B2FC7E7F400C889A7 /* Sources */ = {
			isa = PBXSourcesBuildPhase;
			buildActionMask = 2147483647;
			files = (
			);
			runOnlyForDeploymentPostprocessing = 0;
		};
		6997FD622FC7F1B100C889A7 /* Sources */ = {
			isa = PBXSourcesBuildPhase;
			buildActionMask = 2147483647;
			files = (
			);
			runOnlyForDeploymentPostprocessing = 0;
		};
/* End PBXSourcesBuildPhase section */

/* Begin PBXTargetDependency section */
		6997FD472FC7E7F400C889A7 /* PBXTargetDependency */ = {
			isa = PBXTargetDependency;
			target = 6997FD372FC7E7ED00C889A7 /* Tactl */;
			targetProxy = 6997FD462FC7E7F400C889A7 /* PBXContainerItemProxy */;
		};
		6997FD512FC7E7F400C889A7 /* PBXTargetDependency */ = {
			isa = PBXTargetDependency;
			target = 6997FD372FC7E7ED00C889A7 /* Tactl */;
			targetProxy = 6997FD502FC7E7F400C889A7 /* PBXContainerItemProxy */;
		};
		6997FD6C2FC7F1B100C889A7 /* PBXTargetDependency */ = {
			isa = PBXTargetDependency;
			target = 6997FD652FC7F1B100C889A7 /* TactlKeyboard */;
			targetProxy = 6997FD6B2FC7F1B100C889A7 /* PBXContainerItemProxy */;
		};
/* End PBXTargetDependency section */

/* Begin XCBuildConfiguration section */
		6997FD572FC7E7F400C889A7 /* Debug */ = {
			isa = XCBuildConfiguration;
			buildSettings = {
				ALWAYS_SEARCH_USER_PATHS = NO;
				ASSETCATALOG_COMPILER_GENERATE_SWIFT_ASSET_SYMBOL_EXTENSIONS = YES;
				CLANG_ANALYZER_NONNULL = YES;
				CLANG_ANALYZER_NUMBER_OBJECT_CONVERSION = YES_AGGRESSIVE;
				CLANG_CXX_LANGUAGE_STANDARD = "gnu++20";
				CLANG_ENABLE_MODULES = YES;
				CLANG_ENABLE_OBJC_ARC = YES;
				CLANG_ENABLE_OBJC_WEAK = YES;
				CLANG_WARN_BLOCK_CAPTURE_AUTORELEASING = YES;
				CLANG_WARN_BOOL_CONVERSION = YES;
				CLANG_WARN_COMMA = YES;
				CLANG_WARN_CONSTANT_CONVERSION = YES;
				CLANG_WARN_DEPRECATED_OBJC_IMPLEMENTATIONS = YES;
				CLANG_WARN_DIRECT_OBJC_ISA_USAGE = YES_ERROR;
				CLANG_WARN_DOCUMENTATION_COMMENTS = YES;
				CLANG_WARN_EMPTY_BODY = YES;
				CLANG_WARN_ENUM_CONVERSION = YES;
				CLANG_WARN_INFINITE_RECURSION = YES;
				CLANG_WARN_INT_CONVERSION = YES;
				CLANG_WARN_NON_LITERAL_NULL_CONVERSION = YES;
				CLANG_WARN_OBJC_IMPLICIT_RETAIN_SELF = YES;
				CLANG_WARN_OBJC_LITERAL_CONVERSION = YES;
				CLANG_WARN_OBJC_ROOT_CLASS = YES_ERROR;
				CLANG_WARN_QUOTED_INCLUDE_IN_FRAMEWORK_HEADER = YES;
				CLANG_WARN_RANGE_LOOP_ANALYSIS = YES;
				CLANG_WARN_STRICT_PROTOTYPES = YES;
				CLANG_WARN_SUSPICIOUS_MOVE = YES;
				CLANG_WARN_UNGUARDED_AVAILABILITY = YES_AGGRESSIVE;
				CLANG_WARN_UNREACHABLE_CODE = YES;
				CLANG_WARN__DUPLICATE_METHOD_MATCH = YES;
				COPY_PHASE_STRIP = NO;
				DEBUG_INFORMATION_FORMAT = dwarf;
				DEVELOPMENT_TEAM = G6HB7T7GSC;
				ENABLE_STRICT_OBJC_MSGSEND = YES;
				ENABLE_TESTABILITY = YES;
				ENABLE_USER_SCRIPT_SANDBOXING = YES;
				GCC_C_LANGUAGE_STANDARD = gnu17;
				GCC_DYNAMIC_NO_PIC = NO;
				GCC_NO_COMMON_BLOCKS = YES;
				GCC_OPTIMIZATION_LEVEL = 0;
				GCC_PREPROCESSOR_DEFINITIONS = (
					"DEBUG=1",
					"$(inherited)",
				);
				GCC_WARN_64_TO_32_BIT_CONVERSION = YES;
				GCC_WARN_ABOUT_RETURN_TYPE = YES_ERROR;
				GCC_WARN_UNDECLARED_SELECTOR = YES;
				GCC_WARN_UNINITIALIZED_AUTOS = YES_AGGRESSIVE;
				GCC_WARN_UNUSED_FUNCTION = YES;
				GCC_WARN_UNUSED_VARIABLE = YES;
				IPHONEOS_DEPLOYMENT_TARGET = 18.0;
				LOCALIZATION_PREFERS_STRING_CATALOGS = YES;
				MTL_ENABLE_DEBUG_INFO = INCLUDE_SOURCE;
				MTL_FAST_MATH = YES;
				ONLY_ACTIVE_ARCH = YES;
				SDKROOT = iphoneos;
				SWIFT_ACTIVE_COMPILATION_CONDITIONS = "DEBUG $(inherited)";
				SWIFT_OPTIMIZATION_LEVEL = "-Onone";
			};
			name = Debug;
		};
		6997FD582FC7E7F400C889A7 /* Release */ = {
			isa = XCBuildConfiguration;
			buildSettings = {
				ALWAYS_SEARCH_USER_PATHS = NO;
				ASSETCATALOG_COMPILER_GENERATE_SWIFT_ASSET_SYMBOL_EXTENSIONS = YES;
				CLANG_ANALYZER_NONNULL = YES;
				CLANG_ANALYZER_NUMBER_OBJECT_CONVERSION = YES_AGGRESSIVE;
				CLANG_CXX_LANGUAGE_STANDARD = "gnu++20";
				CLANG_ENABLE_MODULES = YES;
				CLANG_ENABLE_OBJC_ARC = YES;
				CLANG_ENABLE_OBJC_WEAK = YES;
				CLANG_WARN_BLOCK_CAPTURE_AUTORELEASING = YES;
				CLANG_WARN_BOOL_CONVERSION = YES;
				CLANG_WARN_COMMA = YES;
				CLANG_WARN_CONSTANT_CONVERSION = YES;
				CLANG_WARN_DEPRECATED_OBJC_IMPLEMENTATIONS = YES;
				CLANG_WARN_DIRECT_OBJC_ISA_USAGE = YES_ERROR;
				CLANG_WARN_DOCUMENTATION_COMMENTS = YES;
				CLANG_WARN_EMPTY_BODY = YES;
				CLANG_WARN_ENUM_CONVERSION = YES;
				CLANG_WARN_INFINITE_RECURSION = YES;
				CLANG_WARN_INT_CONVERSION = YES;
				CLANG_WARN_NON_LITERAL_NULL_CONVERSION = YES;
				CLANG_WARN_OBJC_IMPLICIT_RETAIN_SELF = YES;
				CLANG_WARN_OBJC_LITERAL_CONVERSION = YES;
				CLANG_WARN_OBJC_ROOT_CLASS = YES_ERROR;
				CLANG_WARN_QUOTED_INCLUDE_IN_FRAMEWORK_HEADER = YES;
				CLANG_WARN_RANGE_LOOP_ANALYSIS = YES;
				CLANG_WARN_STRICT_PROTOTYPES = YES;
				CLANG_WARN_SUSPICIOUS_MOVE = YES;
				CLANG_WARN_UNGUARDED_AVAILABILITY = YES_AGGRESSIVE;
				CLANG_WARN_UNREACHABLE_CODE = YES;
				CLANG_WARN__DUPLICATE_METHOD_MATCH = YES;
				COPY_PHASE_STRIP = NO;
				DEBUG_INFORMATION_FORMAT = "dwarf-with-dsym";
				DEVELOPMENT_TEAM = G6HB7T7GSC;
				ENABLE_NS_ASSERTIONS = NO;
				ENABLE_STRICT_OBJC_MSGSEND = YES;
				ENABLE_USER_SCRIPT_SANDBOXING = YES;
				GCC_C_LANGUAGE_STANDARD = gnu17;
				GCC_NO_COMMON_BLOCKS = YES;
				GCC_WARN_64_TO_32_BIT_CONVERSION = YES;
				GCC_WARN_ABOUT_RETURN_TYPE = YES_ERROR;
				GCC_WARN_UNDECLARED_SELECTOR = YES;
				GCC_WARN_UNINITIALIZED_AUTOS = YES_AGGRESSIVE;
				GCC_WARN_UNUSED_FUNCTION = YES;
				GCC_WARN_UNUSED_VARIABLE = YES;
				IPHONEOS_DEPLOYMENT_TARGET = 18.0;
				LOCALIZATION_PREFERS_STRING_CATALOGS = YES;
				MTL_ENABLE_DEBUG_INFO = NO;
				MTL_FAST_MATH = YES;
				SDKROOT = iphoneos;
				SWIFT_COMPILATION_MODE = wholemodule;
				VALIDATE_PRODUCT = YES;
			};
			name = Release;
		};
		6997FD5A2FC7E7F400C889A7 /* Debug */ = {
			isa = XCBuildConfiguration;
			buildSettings = {
				ASSETCATALOG_COMPILER_APPICON_NAME = AppIcon;
				ASSETCATALOG_COMPILER_GLOBAL_ACCENT_COLOR_NAME = AccentColor;
				CODE_SIGN_ENTITLEMENTS = Tactl/Tactl.entitlements;
				CODE_SIGN_STYLE = Automatic;
				CURRENT_PROJECT_VERSION = 1;
				DEVELOPMENT_TEAM = G6HB7T7GSC;
				ENABLE_PREVIEWS = YES;
				GENERATE_INFOPLIST_FILE = YES;
				INFOPLIST_KEY_UIApplicationSceneManifest_Generation = YES;
				INFOPLIST_KEY_UIApplicationSupportsIndirectInputEvents = YES;
				INFOPLIST_KEY_UILaunchScreen_Generation = YES;
				INFOPLIST_KEY_UISupportedInterfaceOrientations_iPad = "UIInterfaceOrientationPortrait UIInterfaceOrientationPortraitUpsideDown UIInterfaceOrientationLandscapeLeft UIInterfaceOrientationLandscapeRight";
				INFOPLIST_KEY_UISupportedInterfaceOrientations_iPhone = "UIInterfaceOrientationPortrait UIInterfaceOrientationLandscapeLeft UIInterfaceOrientationLandscapeRight";
				LD_RUNPATH_SEARCH_PATHS = (
					"$(inherited)",
					"@executable_path/Frameworks",
				);
				MARKETING_VERSION = 1.0;
				PRODUCT_BUNDLE_IDENTIFIER = com.uves.tactl;
				PRODUCT_NAME = "$(TARGET_NAME)";
				STRING_CATALOG_GENERATE_SYMBOLS = YES;
				SWIFT_APPROACHABLE_CONCURRENCY = YES;
				SWIFT_DEFAULT_ACTOR_ISOLATION = MainActor;
				SWIFT_EMIT_LOC_STRINGS = YES;
				SWIFT_UPCOMING_FEATURE_MEMBER_IMPORT_VISIBILITY = YES;
				SWIFT_VERSION = 5.0;
				TARGETED_DEVICE_FAMILY = "1,2";
			};
			name = Debug;
		};
		6997FD5B2FC7E7F400C889A7 /* Release */ = {
			isa = XCBuildConfiguration;
			buildSettings = {
				ASSETCATALOG_COMPILER_APPICON_NAME = AppIcon;
				ASSETCATALOG_COMPILER_GLOBAL_ACCENT_COLOR_NAME = AccentColor;
				CODE_SIGN_ENTITLEMENTS = Tactl/Tactl.entitlements;
				CODE_SIGN_STYLE = Automatic;
				CURRENT_PROJECT_VERSION = 1;
				DEVELOPMENT_TEAM = G6HB7T7GSC;
				ENABLE_PREVIEWS = YES;
				GENERATE_INFOPLIST_FILE = YES;
				INFOPLIST_KEY_UIApplicationSceneManifest_Generation = YES;
				INFOPLIST_KEY_UIApplicationSupportsIndirectInputEvents = YES;
				INFOPLIST_KEY_UILaunchScreen_Generation = YES;
				INFOPLIST_KEY_UISupportedInterfaceOrientations_iPad = "UIInterfaceOrientationPortrait UIInterfaceOrientationPortraitUpsideDown UIInterfaceOrientationLandscapeLeft UIInterfaceOrientationLandscapeRight";
				INFOPLIST_KEY_UISupportedInterfaceOrientations_iPhone = "UIInterfaceOrientationPortrait UIInterfaceOrientationLandscapeLeft UIInterfaceOrientationLandscapeRight";
				LD_RUNPATH_SEARCH_PATHS = (
					"$(inherited)",
					"@executable_path/Frameworks",
				);
				MARKETING_VERSION = 1.0;
				PRODUCT_BUNDLE_IDENTIFIER = com.uves.tactl;
				PRODUCT_NAME = "$(TARGET_NAME)";
				STRING_CATALOG_GENERATE_SYMBOLS = YES;
				SWIFT_APPROACHABLE_CONCURRENCY = YES;
				SWIFT_DEFAULT_ACTOR_ISOLATION = MainActor;
				SWIFT_EMIT_LOC_STRINGS = YES;
				SWIFT_UPCOMING_FEATURE_MEMBER_IMPORT_VISIBILITY = YES;
				SWIFT_VERSION = 5.0;
				TARGETED_DEVICE_FAMILY = "1,2";
			};
			name = Release;
		};
		6997FD5D2FC7E7F400C889A7 /* Debug */ = {
			isa = XCBuildConfiguration;
			buildSettings = {
				BUNDLE_LOADER = "$(TEST_HOST)";
				CODE_SIGN_STYLE = Automatic;
				CURRENT_PROJECT_VERSION = 1;
				DEVELOPMENT_TEAM = G6HB7T7GSC;
				GENERATE_INFOPLIST_FILE = YES;
				IPHONEOS_DEPLOYMENT_TARGET = 18.0;
				MARKETING_VERSION = 1.0;
				PRODUCT_BUNDLE_IDENTIFIER = uves.TactlTests;
				PRODUCT_NAME = "$(TARGET_NAME)";
				STRING_CATALOG_GENERATE_SYMBOLS = NO;
				SWIFT_APPROACHABLE_CONCURRENCY = YES;
				SWIFT_EMIT_LOC_STRINGS = NO;
				SWIFT_UPCOMING_FEATURE_MEMBER_IMPORT_VISIBILITY = YES;
				SWIFT_VERSION = 5.0;
				TARGETED_DEVICE_FAMILY = "1,2";
				TEST_HOST = "$(BUILT_PRODUCTS_DIR)/Tactl.app/$(BUNDLE_EXECUTABLE_FOLDER_PATH)/Tactl";
			};
			name = Debug;
		};
		6997FD5E2FC7E7F400C889A7 /* Release */ = {
			isa = XCBuildConfiguration;
			buildSettings = {
				BUNDLE_LOADER = "$(TEST_HOST)";
				CODE_SIGN_STYLE = Automatic;
				CURRENT_PROJECT_VERSION = 1;
				DEVELOPMENT_TEAM = G6HB7T7GSC;
				GENERATE_INFOPLIST_FILE = YES;
				IPHONEOS_DEPLOYMENT_TARGET = 18.0;
				MARKETING_VERSION = 1.0;
				PRODUCT_BUNDLE_IDENTIFIER = uves.TactlTests;
				PRODUCT_NAME = "$(TARGET_NAME)";
				STRING_CATALOG_GENERATE_SYMBOLS = NO;
				SWIFT_APPROACHABLE_CONCURRENCY = YES;
				SWIFT_EMIT_LOC_STRINGS = NO;
				SWIFT_UPCOMING_FEATURE_MEMBER_IMPORT_VISIBILITY = YES;
				SWIFT_VERSION = 5.0;
				TARGETED_DEVICE_FAMILY = "1,2";
				TEST_HOST = "$(BUILT_PRODUCTS_DIR)/Tactl.app/$(BUNDLE_EXECUTABLE_FOLDER_PATH)/Tactl";
			};
			name = Release;
		};
		6997FD602FC7E7F400C889A7 /* Debug */ = {
			isa = XCBuildConfiguration;
			buildSettings = {
				CODE_SIGN_STYLE = Automatic;
				CURRENT_PROJECT_VERSION = 1;
				DEVELOPMENT_TEAM = G6HB7T7GSC;
				GENERATE_INFOPLIST_FILE = YES;
				MARKETING_VERSION = 1.0;
				PRODUCT_BUNDLE_IDENTIFIER = uves.TactlUITests;
				PRODUCT_NAME = "$(TARGET_NAME)";
				STRING_CATALOG_GENERATE_SYMBOLS = NO;
				SWIFT_APPROACHABLE_CONCURRENCY = YES;
				SWIFT_EMIT_LOC_STRINGS = NO;
				SWIFT_UPCOMING_FEATURE_MEMBER_IMPORT_VISIBILITY = YES;
				SWIFT_VERSION = 5.0;
				TARGETED_DEVICE_FAMILY = "1,2";
				TEST_TARGET_NAME = Tactl;
			};
			name = Debug;
		};
		6997FD612FC7E7F400C889A7 /* Release */ = {
			isa = XCBuildConfiguration;
			buildSettings = {
				CODE_SIGN_STYLE = Automatic;
				CURRENT_PROJECT_VERSION = 1;
				DEVELOPMENT_TEAM = G6HB7T7GSC;
				GENERATE_INFOPLIST_FILE = YES;
				MARKETING_VERSION = 1.0;
				PRODUCT_BUNDLE_IDENTIFIER = uves.TactlUITests;
				PRODUCT_NAME = "$(TARGET_NAME)";
				STRING_CATALOG_GENERATE_SYMBOLS = NO;
				SWIFT_APPROACHABLE_CONCURRENCY = YES;
				SWIFT_EMIT_LOC_STRINGS = NO;
				SWIFT_UPCOMING_FEATURE_MEMBER_IMPORT_VISIBILITY = YES;
				SWIFT_VERSION = 5.0;
				TARGETED_DEVICE_FAMILY = "1,2";
				TEST_TARGET_NAME = Tactl;
			};
			name = Release;
		};
		6997FD702FC7F1B100C889A7 /* Debug */ = {
			isa = XCBuildConfiguration;
			buildSettings = {
				CODE_SIGN_ENTITLEMENTS = TactlKeyboard/TactlKeyboard.entitlements;
				CODE_SIGN_STYLE = Automatic;
				CURRENT_PROJECT_VERSION = 1;
				DEVELOPMENT_TEAM = G6HB7T7GSC;
				GENERATE_INFOPLIST_FILE = YES;
				INFOPLIST_FILE = TactlKeyboard/Info.plist;
				INFOPLIST_KEY_CFBundleDisplayName = TactlKeyboard;
				INFOPLIST_KEY_NSHumanReadableCopyright = "";
				LD_RUNPATH_SEARCH_PATHS = (
					"$(inherited)",
					"@executable_path/Frameworks",
					"@executable_path/../../Frameworks",
				);
				MARKETING_VERSION = 1.0;
				PRODUCT_BUNDLE_IDENTIFIER = com.uves.tactl.keyboard;
				PRODUCT_NAME = "$(TARGET_NAME)";
				SKIP_INSTALL = YES;
				STRING_CATALOG_GENERATE_SYMBOLS = YES;
				SWIFT_APPROACHABLE_CONCURRENCY = YES;
				SWIFT_EMIT_LOC_STRINGS = YES;
				SWIFT_UPCOMING_FEATURE_MEMBER_IMPORT_VISIBILITY = YES;
				SWIFT_VERSION = 5.0;
				TARGETED_DEVICE_FAMILY = "1,2";
			};
			name = Debug;
		};
		6997FD712FC7F1B100C889A7 /* Release */ = {
			isa = XCBuildConfiguration;
			buildSettings = {
				CODE_SIGN_ENTITLEMENTS = TactlKeyboard/TactlKeyboard.entitlements;
				CODE_SIGN_STYLE = Automatic;
				CURRENT_PROJECT_VERSION = 1;
				DEVELOPMENT_TEAM = G6HB7T7GSC;
				GENERATE_INFOPLIST_FILE = YES;
				INFOPLIST_FILE = TactlKeyboard/Info.plist;
				INFOPLIST_KEY_CFBundleDisplayName = TactlKeyboard;
				INFOPLIST_KEY_NSHumanReadableCopyright = "";
				LD_RUNPATH_SEARCH_PATHS = (
					"$(inherited)",
					"@executable_path/Frameworks",
					"@executable_path/../../Frameworks",
				);
				MARKETING_VERSION = 1.0;
				PRODUCT_BUNDLE_IDENTIFIER = com.uves.tactl.keyboard;
				PRODUCT_NAME = "$(TARGET_NAME)";
				SKIP_INSTALL = YES;
				STRING_CATALOG_GENERATE_SYMBOLS = YES;
				SWIFT_APPROACHABLE_CONCURRENCY = YES;
				SWIFT_EMIT_LOC_STRINGS = YES;
				SWIFT_UPCOMING_FEATURE_MEMBER_IMPORT_VISIBILITY = YES;
				SWIFT_VERSION = 5.0;
				TARGETED_DEVICE_FAMILY = "1,2";
			};
			name = Release;
		};
/* End XCBuildConfiguration section */

/* Begin XCConfigurationList section */
		6997FD332FC7E7ED00C889A7 /* Build configuration list for PBXProject "Tactl" */ = {
			isa = XCConfigurationList;
			buildConfigurations = (
				6997FD572FC7E7F400C889A7 /* Debug */,
				6997FD582FC7E7F400C889A7 /* Release */,
			);
			defaultConfigurationIsVisible = 0;
			defaultConfigurationName = Release;
		};
		6997FD592FC7E7F400C889A7 /* Build configuration list for PBXNativeTarget "Tactl" */ = {
			isa = XCConfigurationList;
			buildConfigurations = (
				6997FD5A2FC7E7F400C889A7 /* Debug */,
				6997FD5B2FC7E7F400C889A7 /* Release */,
			);
			defaultConfigurationIsVisible = 0;
			defaultConfigurationName = Release;
		};
		6997FD5C2FC7E7F400C889A7 /* Build configuration list for PBXNativeTarget "TactlTests" */ = {
			isa = XCConfigurationList;
			buildConfigurations = (
				6997FD5D2FC7E7F400C889A7 /* Debug */,
				6997FD5E2FC7E7F400C889A7 /* Release */,
			);
			defaultConfigurationIsVisible = 0;
			defaultConfigurationName = Release;
		};
		6997FD5F2FC7E7F400C889A7 /* Build configuration list for PBXNativeTarget "TactlUITests" */ = {
			isa = XCConfigurationList;
			buildConfigurations = (
				6997FD602FC7E7F400C889A7 /* Debug */,
				6997FD612FC7E7F400C889A7 /* Release */,
			);
			defaultConfigurationIsVisible = 0;
			defaultConfigurationName = Release;
		};
		6997FD6F2FC7F1B100C889A7 /* Build configuration list for PBXNativeTarget "TactlKeyboard" */ = {
			isa = XCConfigurationList;
			buildConfigurations = (
				6997FD702FC7F1B100C889A7 /* Debug */,
				6997FD712FC7F1B100C889A7 /* Release */,
			);
			defaultConfigurationIsVisible = 0;
			defaultConfigurationName = Release;
		};
/* End XCConfigurationList section */
	};
	rootObject = 6997FD302FC7E7ED00C889A7 /* Project object */;
}
